PODS:
  - Facebook-iOS-SDK (3.9.0)
  - Parse (1.2.15):
    - Facebook-iOS-SDK (~> 3.7)
  - TestFlightSDK (2.1.1-beta)

DEPENDENCIES:
  - Parse (~> 1.2.15)
  - TestFlightSDK (~> 2.1.1-beta)

SPEC CHECKSUMS:
  Facebook-iOS-SDK: 5e1416dbdfc17b2620c2ca31c02e6feec042f2c1
  Parse: 200f5d714e38ed4c74e93d159e6fabaf2ab8d914
  TestFlightSDK: dea28c16f0bf65c49c4ed8939b2ae0b0ed9bf8b0

COCOAPODS: 0.26.2
