PODS:
  - CocoaLumberjack (1.6.4):
    - CocoaLumberjack/Core
    - CocoaLumberjack/Extensions
  - CocoaLumberjack/Core (1.6.4)
  - CocoaLumberjack/Extensions (1.6.4):
    - CocoaLumberjack/Core
  - Facebook-iOS-SDK (3.10.0)
  - Parse (1.2.15):
    - Facebook-iOS-SDK (~> 3.7)
  - TestFlightSDK (2.1.1-beta)

DEPENDENCIES:
  - CocoaLumberjack (~> 1.6.4)
  - Parse (~> 1.2.15)
  - TestFlightSDK (~> 2.1.1-beta)

SPEC CHECKSUMS:
  CocoaLumberjack: 006187e7e3c52f505aab43d7b5ba6af35838bf23
  Facebook-iOS-SDK: ef402579aeb30cf0c4a6370fb0a927e3dc3059e5
  Parse: 200f5d714e38ed4c74e93d159e6fabaf2ab8d914
  TestFlightSDK: dea28c16f0bf65c49c4ed8939b2ae0b0ed9bf8b0

COCOAPODS: 0.27.1
